
Microsoft Visual Studio Solution File, Format Version 12.00
# Visual Studio Version 17
VisualStudioVersion = 17.5.33516.290
MinimumVisualStudioVersion = 10.0.40219.1
Project("{FAE04EC0-301F-11D3-BF4B-00C04F79EFBC}") = "BankAccountApp", "BankAccountAppBasic\BankAccountApp.csproj", "{ED4BD1B4-244E-45AB-A833-123F1B57AEF6}"
EndProject
Global
	GlobalSection(SolutionConfigurationPlatforms) = preSolution
		Debug|Any CPU = Debug|Any CPU
		Release|Any CPU = Release|Any CPU
	EndGlobalSection
	GlobalSection(ProjectConfigurationPlatforms) = postSolution
		{ED4BD1B4-244E-45AB-A833-123F1B57AEF6}.Debug|Any CPU.ActiveCfg = Debug|Any CPU
		{ED4BD1B4-244E-45AB-A833-123F1B57AEF6}.Debug|Any CPU.Build.0 = Debug|Any CPU
		{ED4BD1B4-244E-45AB-A833-123F1B57AEF6}.Release|Any CPU.ActiveCfg = Release|Any CPU
		{ED4BD1B4-244E-45AB-A833-123F1B57AEF6}.Release|Any CPU.Build.0 = Release|Any CPU
	EndGlobalSection
	GlobalSection(SolutionProperties) = preSolution
		HideSolutionNode = FALSE
	EndGlobalSection
	GlobalSection(ExtensibilityGlobals) = postSolution
		SolutionGuid = {1F0C3046-8B8B-45FA-A363-A0D0CDF21B7C}
	EndGlobalSection
EndGlobal
